
Microsoft Visual Studio Solution File, Format Version 12.00
# Visual Studio Version 16
VisualStudioVersion = 16.0.30621.155
MinimumVisualStudioVersion = 10.0.40219.1
Project("{9A19103F-16F7-4668-BE54-9A1E7A4F7556}") = "CourtDatabase2", "CourtDatabase2\CourtDatabase2.csproj", "{7C7A6E4F-BF8A-4B2F-9BDD-440D580CF3C6}"
EndProject
Project("{FAE04EC0-301F-11D3-BF4B-00C04F79EFBC}") = "CourtDatabase2.Test", "CourtDatabase2.Test\CourtDatabase2.Test.csproj", "{6386D7E6-A1A6-449F-90CB-E30070687B72}"
EndProject
Global
	GlobalSection(SolutionConfigurationPlatforms) = preSolution
		Debug|Any CPU = Debug|Any CPU
		Release|Any CPU = Release|Any CPU
	EndGlobalSection
	GlobalSection(ProjectConfigurationPlatforms) = postSolution
		{7C7A6E4F-BF8A-4B2F-9BDD-440D580CF3C6}.Debug|Any CPU.ActiveCfg = Debug|Any CPU
		{7C7A6E4F-BF8A-4B2F-9BDD-440D580CF3C6}.Debug|Any CPU.Build.0 = Debug|Any CPU
		{7C7A6E4F-BF8A-4B2F-9BDD-440D580CF3C6}.Release|Any CPU.ActiveCfg = Release|Any CPU
		{7C7A6E4F-BF8A-4B2F-9BDD-440D580CF3C6}.Release|Any CPU.Build.0 = Release|Any CPU
		{6386D7E6-A1A6-449F-90CB-E30070687B72}.Debug|Any CPU.ActiveCfg = Debug|Any CPU
		{6386D7E6-A1A6-449F-90CB-E30070687B72}.Debug|Any CPU.Build.0 = Debug|Any CPU
		{6386D7E6-A1A6-449F-90CB-E30070687B72}.Release|Any CPU.ActiveCfg = Release|Any CPU
		{6386D7E6-A1A6-449F-90CB-E30070687B72}.Release|Any CPU.Build.0 = Release|Any CPU
	EndGlobalSection
	GlobalSection(SolutionProperties) = preSolution
		HideSolutionNode = FALSE
	EndGlobalSection
	GlobalSection(ExtensibilityGlobals) = postSolution
		SolutionGuid = {5B6701EB-CAAF-4E6E-8CC4-6C31059C4483}
	EndGlobalSection
EndGlobal
